
Microsoft Visual Studio Solution File, Format Version 12.00
# Visual Studio 15
VisualStudioVersion = 15.0.27004.2005
MinimumVisualStudioVersion = 10.0.40219.1
Project("{FAE04EC0-301F-11D3-BF4B-00C04F79EFBC}") = "Expedition.Core", "Expedition.Core\Expedition.Core.csproj", "{92F14769-AC56-4B1E-A830-0521CD61042C}"
EndProject
Project("{FAE04EC0-301F-11D3-BF4B-00C04F79EFBC}") = "Expedition.Wpf", "Expedition.Wpf\Expedition.Wpf.csproj", "{9CA43910-87E0-4915-8C50-F35CCDE9EC9B}"
EndProject
Project("{FAE04EC0-301F-11D3-BF4B-00C04F79EFBC}") = "Expedition.Test", "Expedition.Test\Expedition.Test.csproj", "{ECBCA859-6E1B-43EB-8027-467F8E392EE6}"
EndProject
Project("{FAE04EC0-301F-11D3-BF4B-00C04F79EFBC}") = "Expedition.Cmd", "Expedition.Cmd\Expedition.Cmd.csproj", "{DE207CB5-BF0B-47FD-A5E5-B23DBC16DCAE}"
EndProject
Project("{FAE04EC0-301F-11D3-BF4B-00C04F79EFBC}") = "Expedition.Win", "Expedition.Win\Expedition.Win.csproj", "{8496A582-46EC-4CAC-8655-48ACAAE2FD6D}"
EndProject
Project("{2150E333-8FDC-42A3-9474-1A3956D46DE8}") = "Extras", "Extras", "{7390D60E-3ADB-489C-8574-DBAA98AE52F5}"
	ProjectSection(SolutionItems) = preProject
		README.md = README.md
	EndProjectSection
EndProject
Global
	GlobalSection(SolutionConfigurationPlatforms) = preSolution
		Debug|Any CPU = Debug|Any CPU
		Release|Any CPU = Release|Any CPU
	EndGlobalSection
	GlobalSection(ProjectConfigurationPlatforms) = postSolution
		{92F14769-AC56-4B1E-A830-0521CD61042C}.Debug|Any CPU.ActiveCfg = Debug|Any CPU
		{92F14769-AC56-4B1E-A830-0521CD61042C}.Debug|Any CPU.Build.0 = Debug|Any CPU
		{92F14769-AC56-4B1E-A830-0521CD61042C}.Release|Any CPU.ActiveCfg = Release|Any CPU
		{92F14769-AC56-4B1E-A830-0521CD61042C}.Release|Any CPU.Build.0 = Release|Any CPU
		{9CA43910-87E0-4915-8C50-F35CCDE9EC9B}.Debug|Any CPU.ActiveCfg = Debug|Any CPU
		{9CA43910-87E0-4915-8C50-F35CCDE9EC9B}.Debug|Any CPU.Build.0 = Debug|Any CPU
		{9CA43910-87E0-4915-8C50-F35CCDE9EC9B}.Release|Any CPU.ActiveCfg = Release|Any CPU
		{9CA43910-87E0-4915-8C50-F35CCDE9EC9B}.Release|Any CPU.Build.0 = Release|Any CPU
		{ECBCA859-6E1B-43EB-8027-467F8E392EE6}.Debug|Any CPU.ActiveCfg = Debug|Any CPU
		{ECBCA859-6E1B-43EB-8027-467F8E392EE6}.Debug|Any CPU.Build.0 = Debug|Any CPU
		{ECBCA859-6E1B-43EB-8027-467F8E392EE6}.Release|Any CPU.ActiveCfg = Release|Any CPU
		{ECBCA859-6E1B-43EB-8027-467F8E392EE6}.Release|Any CPU.Build.0 = Release|Any CPU
		{DE207CB5-BF0B-47FD-A5E5-B23DBC16DCAE}.Debug|Any CPU.ActiveCfg = Debug|Any CPU
		{DE207CB5-BF0B-47FD-A5E5-B23DBC16DCAE}.Debug|Any CPU.Build.0 = Debug|Any CPU
		{DE207CB5-BF0B-47FD-A5E5-B23DBC16DCAE}.Release|Any CPU.ActiveCfg = Release|Any CPU
		{DE207CB5-BF0B-47FD-A5E5-B23DBC16DCAE}.Release|Any CPU.Build.0 = Release|Any CPU
		{8496A582-46EC-4CAC-8655-48ACAAE2FD6D}.Debug|Any CPU.ActiveCfg = Debug|Any CPU
		{8496A582-46EC-4CAC-8655-48ACAAE2FD6D}.Debug|Any CPU.Build.0 = Debug|Any CPU
		{8496A582-46EC-4CAC-8655-48ACAAE2FD6D}.Release|Any CPU.ActiveCfg = Release|Any CPU
		{8496A582-46EC-4CAC-8655-48ACAAE2FD6D}.Release|Any CPU.Build.0 = Release|Any CPU
	EndGlobalSection
	GlobalSection(SolutionProperties) = preSolution
		HideSolutionNode = FALSE
	EndGlobalSection
	GlobalSection(ExtensibilityGlobals) = postSolution
		SolutionGuid = {86AFF0D2-5C22-4FE1-BE9E-7760F13EF421}
	EndGlobalSection
EndGlobal
